{
    "_meta": {
        "hash": {
            "sha256": "1d325f1af9e3b15bc71eaaaef286d63942b4d051de00b9300dd786b8642f58fb"
        },
        "pipfile-spec": 6,
        "requires": {},
        "sources": [
            {
                "name": "pypi",
                "url": "https://pypi.org/simple",
                "verify_ssl": true
            }
        ]
    },
    "default": {
        "aloe": {
            "hashes": [
                "sha256:705734f53bd1c1365ebdb09181854929a269fa35a3ac472f3a99cabb8a20062e"
            ],
            "index": "pypi",
            "version": "==0.1.16"
        },
        "aloe-django": {
            "hashes": [
                "sha256:729a84e5dbcd3dca5665b8b615cee20070519ee563e15316891736503f1448b7"
            ],
            "index": "pypi",
            "version": "==0.1.3"
        },
        "ansicolors": {
            "hashes": [
                "sha256:00d2dde5a675579325902536738dd27e4fac1fd68f773fe36c21044eb559e187",
                "sha256:99f94f5e3348a0bcd43c82e5fc4414013ccc19d70bd939ad71e0133ce9c372e0"
            ],
            "version": "==1.1.8"
        },
        "appdirs": {
            "hashes": [
                "sha256:7d5d0167b2b1ba821647616af46a749d1c653740dd0d2415100fe26e27afdf41",
                "sha256:a841dacd6b99318a741b166adb07e19ee71a274450e68237b4650ca1055ab128"
            ],
            "version": "==1.4.4"
        },
        "argparse": {
            "hashes": [
                "sha256:62b089a55be1d8949cd2bc7e0df0bddb9e028faefc8c32038cc84862aefdd6e4",
                "sha256:c31647edb69fd3d465a847ea3157d37bed1f95f19760b11a47aa91c04b666314"
            ],
            "version": "==1.4.0"
        },
        "attrs": {
            "hashes": [
                "sha256:26b54ddbbb9ee1d34d5d3668dd37d6cf74990ab23c828c2888dccdceee395594",
                "sha256:fce7fc47dfc976152e82d53ff92fa0407700c21acd20886a13777a0d20e655dc"
            ],
            "version": "==20.2.0"
        },
        "black": {
            "hashes": [
                "sha256:1b30e59be925fafc1ee4565e5e08abef6b03fe455102883820fe5ee2e4734e0b",
                "sha256:c2edb73a08e9e0e6f65a0e6af18b059b8b1cdd5bef997d7a0b181df93dc81539"
            ],
            "index": "pypi",
            "version": "==19.10b0"
        },
        "boto3": {
            "hashes": [
                "sha256:2616351c98eec18d20a1d64b33355c86cd855ac96219d1b8428c9bfc590bde53",
                "sha256:7daad26a008c91dd7b82fde17d246d1fe6e4b3813426689ef8bac9017a277cfb"
            ],
            "index": "pypi",
            "version": "==1.14.12"
        },
        "botocore": {
            "hashes": [
                "sha256:40f13f6c9c29c307a9dc5982739e537ddce55b29787b90c3447b507e3283bcd6",
                "sha256:aa88eafc6295132f4bc606f1df32b3248e0fa611724c0a216aceda767948ac75"
            ],
            "version": "==1.17.63"
        },
        "certifi": {
            "hashes": [
                "sha256:5930595817496dd21bb8dc35dad090f1c2cd0adfaf21204bf6732ca5d8ee34d3",
                "sha256:8fc0819f1f30ba15bdb34cceffb9ef04d99f420f68eb75d901e9560b8749fc41"
            ],
            "version": "==2020.6.20"
        },
        "chardet": {
            "hashes": [
                "sha256:84ab92ed1c4d4f16916e05906b6b75a6c0fb5db821cc65e70cbd64a3e2a5eaae",
                "sha256:fc323ffcaeaed0e0a02bf4d117757b98aed530d9ed4531e3e15460124c106691"
            ],
            "version": "==3.0.4"
        },
        "click": {
            "hashes": [
                "sha256:d2b5255c7c6349bc1bd1e59e08cd12acbbd63ce649f2588755783aa94dfb6b1a",
                "sha256:dacca89f4bfadd5de3d7489b7c8a566eee0d3676333fbb50030263894c38c0dc"
            ],
            "version": "==7.1.2"
        },
        "colorama": {
            "hashes": [
                "sha256:5941b2b48a20143d2267e95b1c2a7603ce057ee39fd88e7329b0c292aa16869b",
                "sha256:9f47eda37229f68eee03b24b9748937c7dc3868f906e8ba69fbcbdd3bc5dc3e2"
            ],
            "version": "==0.4.4"
        },
        "configparser": {
            "hashes": [
                "sha256:5308b47021bc2340965c371f0f058cc6971a04502638d4244225c49d80db273a"
            ],
            "index": "pypi",
            "version": "==3.5.0"
        },
        "contextlib2": {
            "hashes": [
                "sha256:509f9419ee91cdd00ba34443217d5ca51f5a364a404e1dce9e8979cea969ca48",
                "sha256:f5260a6e679d2ff42ec91ec5252f4eeffdcf21053db9113bd0a8e4d953769c00"
            ],
            "index": "pypi",
            "version": "==0.5.5"
        },
        "cssselect": {
            "hashes": [
                "sha256:0535a7e27014874b27ae3a4d33e8749e345bdfa62766195208b7996bf1100682"
            ],
            "index": "pypi",
            "version": "==0.9.1"
        },
        "dc-base-theme": {
            "git": "git://github.com/DemocracyClub/dc_base_theme.git",
            "ref": "68a20928856fcb314a42ae610a83fcc2178995de"
        },
        "defusedxml": {
            "hashes": [
                "sha256:8ede8ba04cf5bf7999e1492fa77df545db83717f52c5eab625f97228ebd539bf",
                "sha256:aa621655d72cdd30f57073893b96cd0c3831a85b08b8e4954531bdac47e3e8c8"
            ],
            "version": "==0.7.0rc1"
        },
        "dj-pagination": {
            "hashes": [
                "sha256:1de28af33acafe1898e2d9c80a0669b492f582ec711c13864eff00e9b16479b8",
                "sha256:fd89e97fa49a4ec7712926477d255e646213cdb0349a29b73b67510ceae4d44d"
            ],
            "index": "pypi",
            "version": "==2.4.0"
        },
        "django": {
            "hashes": [
                "sha256:84f370f6acedbe1f3c41e1a02de44ac206efda3355e427139ecb785b5f596d80",
                "sha256:e8fe3c2b2212dce6126becab7a693157f1a441a07b62ec994c046c76af5bb66d"
            ],
            "index": "pypi",
            "version": "==2.2.13"
        },
        "django-allauth": {
            "hashes": [
                "sha256:95a9f7fbebe3e97ce3a541d213fc52492b50dac92f0f91483f58949189e5aa4f"
            ],
            "index": "pypi",
            "version": "==0.34.0"
        },
        "django-braces": {
            "hashes": [
                "sha256:83705b78948de00804bfacf40c315d001bb39630f35bbdd8588211c2d5b4d43f",
                "sha256:a6d9b34cf3e4949635e54884097c30410d7964fc7bec7231445ea7079b8c5722"
            ],
            "index": "pypi",
            "version": "==1.14.0"
        },
        "django-extensions": {
            "hashes": [
                "sha256:3d028994db76b78bbc5adef7e48102d44fb70a33b34adaddcf8d4f85620453c1",
                "sha256:a6b97ec77657e4fd43d508d6a134c799f188e868717f7499d05213b4669b44b6"
            ],
            "index": "pypi",
            "version": "==1.7.9"
        },
        "django-formtools": {
            "hashes": [
                "sha256:304fa777b8ef9e0693ce7833f885cb89ba46b0e46fc23b01176900a93f46742f",
                "sha256:c5272c03c1cd51b2375abf7397a199a3148a9fbbf2f100e186467a84025d13b2"
            ],
            "index": "pypi",
            "version": "==2.2"
        },
        "django-localflavor": {
            "hashes": [
                "sha256:3b5503b512248af661cf91e4f402327619ffc3bc5b3b0ea774a969ed3bf84594",
                "sha256:afd6627cd0fd396824e44a5e4f7bfe9c8d7a45d9bf09b4db2c0683d92681ba93"
            ],
            "index": "pypi",
            "version": "==1.1"
        },
        "django-markdown-deux": {
            "hashes": [
                "sha256:5b4a3cd9454af5b4cec0e19151b41d98d09400ddae0688afb81dbf62a4edafff"
            ],
            "index": "pypi",
            "version": "==1.0.5"
        },
        "django-nose": {
            "hashes": [
                "sha256:304adc447ee35b889b733d7106004f98aa401d8387ddcada5d4f2239d86790a9",
                "sha256:a4885cd002d65fd2de96e2bb2563ef477c3fbe207009360c015fca5c3b5561b7"
            ],
            "version": "==1.4.7"
        },
        "django-pipeline": {
            "hashes": [
                "sha256:b56f2cfdb113dc1cb05257d8eb8d145fc0ade6f0d1236fb425df15bd059dce15",
                "sha256:ef67aaf58959a2959e13fc114001cee5beec05ac18a81cc700ea9f1c8e3f40a8"
            ],
            "index": "pypi",
            "version": "==1.6.14"
        },
        "django-ses": {
            "hashes": [
                "sha256:5f6c942973a25d315e0379332c75594acb9ed70e5206d0cba212f9e3493e32bc",
                "sha256:d9d7dff59106575729ba595b0c87c6f82bfb5cbba16ef638aa4900be6fce48a3"
            ],
            "index": "pypi",
            "version": "==1.0.1"
        },
        "django-static-jquery": {
            "hashes": [
                "sha256:34c690d6296df0acfe759be05ad58096664fe22a5c6ff1229106522e22c84325"
            ],
            "index": "pypi",
            "version": "==2.1.4"
        },
        "django-storages": {
            "hashes": [
                "sha256:9e0f3423cdf8fabe74c174380de6cd65b9343b5c83c08f35ace57213f17fb083",
                "sha256:e021ae94c0ca39c683260fa0065cae0df041d795dd79fee8f7bf4ba31798640d"
            ],
            "index": "pypi",
            "version": "==1.7"
        },
        "django-uk-political-parties": {
            "git": "https://github.com/DemocracyClub/django-uk-political-parties.git",
            "ref": "be60d2464d42290e9a748554aedb23680144e12a"
        },
        "djangorestframework": {
            "hashes": [
                "sha256:05809fc66e1c997fd9a32ea5730d9f4ba28b109b9da71fccfa5ff241201fd0a4",
                "sha256:e782087823c47a26826ee5b6fa0c542968219263fb3976ec3c31edab23a4001f"
            ],
            "index": "pypi",
            "version": "==3.11.0"
        },
        "docutils": {
            "hashes": [
                "sha256:02aec4bd92ab067f6ff27a38a38a41173bf01bed8f89157768c1573f53e474a6",
                "sha256:51e64ef2ebfb29cae1faa133b3710143496eca21c530f3f71424d77687764274",
                "sha256:7a4bd47eaf6596e1295ecb11361139febe29b084a87bf005bf899f9a42edc3c6"
            ],
            "index": "pypi",
            "version": "==0.14"
        },
        "durationpy": {
            "hashes": [
                "sha256:3ba664800fd6dc889e0ce21e84de801bbc8e06292bf68fb0ddabb0d229e02516"
            ],
            "index": "pypi",
            "version": "==0.4"
        },
        "enum34": {
            "hashes": [
                "sha256:2d81cbbe0e73112bdfe6ef8576f2238f2ba27dd0d55752a776c41d38b7da2850",
                "sha256:644837f692e5f550741432dd3f223bbb9852018674981b1664e5dc339387588a",
                "sha256:6bd0f6ad48ec2aa117d3d141940d484deccda84d4fcd884f5c3d93c23ecd8c79",
                "sha256:8ad8c4783bf61ded74527bffb48ed9b54166685e4230386a9ed9b1279e2df5b1"
            ],
            "index": "pypi",
            "version": "==1.1.6"
        },
        "extras": {
            "hashes": [
                "sha256:132e36de10b9c91d5d4cc620160a476e0468a88f16c9431817a6729611a81b4e",
                "sha256:f689f08df47e2decf76aa6208c081306e7bd472630eb1ec8a875c67de2366e87"
            ],
            "version": "==1.0.0"
        },
        "factory-boy": {
            "hashes": [
                "sha256:728df59b372c9588b83153facf26d3d28947fc750e8e3c95cefa9bed0e6394ee",
                "sha256:faf48d608a1735f0d0a3c9cbf536d64f9132b547dae7ba452c4d99a79e84a370"
            ],
            "index": "pypi",
            "version": "==2.12.0"
        },
        "faker": {
            "hashes": [
                "sha256:1290f589648bc470b8d98fff1fdff773fe3f46b4ca2cac73ac74668b12cf008e",
                "sha256:c006b3664c270a2cfd4785c5e41ff263d48101c4e920b5961cf9c237131d8418"
            ],
            "index": "pypi",
            "version": "==4.1.1"
        },
        "fixtures": {
            "hashes": [
                "sha256:2a551b0421101de112d9497fb5f6fd25e5019391c0fbec9bad591ecae981420d",
                "sha256:fcf0d60234f1544da717a9738325812de1f42c2fa085e2d9252d8fff5712b2ef"
            ],
            "index": "pypi",
            "version": "==3.0.0"
        },
        "flake8": {
            "hashes": [
                "sha256:15e351d19611c887e482fb960eae4d44845013cc142d42896e9862f775d8cf5c",
                "sha256:f04b9fcbac03b0a3e58c0ab3a0ecc462e023a9faf046d57794184028123aa208"
            ],
            "index": "pypi",
            "version": "==3.8.3"
        },
        "funcsigs": {
            "hashes": [
                "sha256:330cc27ccbf7f1e992e69fef78261dc7c6569012cf397db8d3de0234e6c937ca",
                "sha256:a7bb0f2cf3a3fd1ab2732cb49eba4252c2af4240442415b4abce3b87022a8f50"
            ],
            "index": "pypi",
            "version": "==1.0.2"
        },
        "future": {
            "hashes": [
                "sha256:e39ced1ab767b5936646cedba8bcce582398233d6a627067d4c6a454c90cfedb"
            ],
            "index": "pypi",
            "version": "==0.16.0"
        },
        "futures": {
            "hashes": [
                "sha256:3a44f286998ae64f0cc083682fcfec16c406134a81a589a5de445d7bb7c2751b",
                "sha256:51ecb45f0add83c806c68e4b06106f90db260585b25ef2abfcda0bd95c0132fd",
                "sha256:c4884a65654a7c45435063e14ae85280eb1f111d94e542396717ba9828c4337f"
            ],
            "index": "pypi",
            "version": "==3.1.1"
        },
        "gherkin-official": {
            "hashes": [
                "sha256:7f6fa7a3ceffda8bba0f56b42140cc6bae001d010fef336b5b2602252242395d"
            ],
            "version": "==4.1.3"
        },
        "idna": {
            "hashes": [
                "sha256:b307872f855b18632ce0c21c5e45be78c0ea7ae4c15c828c20788b26921eb3f6",
                "sha256:b97d804b1e9b523befed77c48dacec60e6dcb0b5391d57af6a65a312a90648c0"
            ],
            "version": "==2.10"
        },
        "jmespath": {
            "hashes": [
                "sha256:b85d0567b8666149a93172712e68920734333c0ce7e89b78b3e987f71e5ed4f9",
                "sha256:cdf6525904cc597730141d61b36f2e4b8ecc257c420fa2f4549bac2c2d0cb72f"
            ],
            "version": "==0.10.0"
        },
        "linecache2": {
            "hashes": [
                "sha256:4b26ff4e7110db76eeb6f5a7b64a82623839d595c2038eeda662f2a2db78e97c",
                "sha256:e78be9c0a0dfcbac712fe04fbf92b96cddae80b1b842f24248214c8496f006ef"
            ],
            "index": "pypi",
            "version": "==1.0.0"
        },
        "lxml": {
            "hashes": [
                "sha256:06748c7192eab0f48e3d35a7adae609a329c6257495d5e53878003660dc0fec6",
                "sha256:0790ddca3f825dd914978c94c2545dbea5f56f008b050e835403714babe62a5f",
                "sha256:1aa7a6197c1cdd65d974f3e4953764eee3d9c7b67e3966616b41fab7f8f516b7",
                "sha256:22c6d34fdb0e65d5f782a4d1a1edb52e0a8365858dafb1c08cb1d16546cf0786",
                "sha256:2754d4406438c83144f9ffd3628bbe2dcc6d62b20dbc5c1ec4bc4385e5d44b42",
                "sha256:27ee0faf8077c7c1a589573b1450743011117f1aa1a91d5ae776bbc5ca6070f2",
                "sha256:2b02c106709466a93ed424454ce4c970791c486d5fcdf52b0d822a7e29789626",
                "sha256:2d1ddce96cf15f1254a68dba6935e6e0f1fe39247de631c115e84dd404a6f031",
                "sha256:4f282737d187ae723b2633856085c31ae5d4d432968b7f3f478a48a54835f5c4",
                "sha256:51bb4edeb36d24ec97eb3e6a6007be128b720114f9a875d6b370317d62ac80b9",
                "sha256:7eee37c1b9815e6505847aa5e68f192e8a1b730c5c7ead39ff317fde9ce29448",
                "sha256:7fd88cb91a470b383aafad554c3fe1ccf6dfb2456ff0e84b95335d582a799804",
                "sha256:9144ce36ca0824b29ebc2e02ca186e54040ebb224292072250467190fb613b96",
                "sha256:925baf6ff1ef2c45169f548cc85204433e061360bfa7d01e1be7ae38bef73194",
                "sha256:a636346c6c0e1092ffc202d97ec1843a75937d8c98aaf6771348ad6422e44bb0",
                "sha256:a87dbee7ad9dce3aaefada2081843caf08a44a8f52e03e0a4cc5819f8398f2f4",
                "sha256:a9e3b8011388e7e373565daa5e92f6c9cb844790dc18e43073212bb3e76f7007",
                "sha256:afb53edf1046599991fb4a7d03e601ab5f5422a5435c47ee6ba91ec3b61416a6",
                "sha256:b26719890c79a1dae7d53acac5f089d66fd8cc68a81f4e4bd355e45470dc25e1",
                "sha256:b7462cdab6fffcda853338e1741ce99706cdf880d921b5a769202ea7b94e8528",
                "sha256:b77975465234ff49fdad871c08aa747aae06f5e5be62866595057c43f8d2f62c",
                "sha256:c47a8a5d00060122ca5908909478abce7bbf62d812e3fc35c6c802df8fb01fe7",
                "sha256:c79e5debbe092e3c93ca4aee44c9a7631bdd407b2871cb541b979fd350bbbc29",
                "sha256:d8d40e0121ca1606aa9e78c28a3a7d88a05c06b3ca61630242cded87d8ce55fa",
                "sha256:ee2be8b8f72a2772e72ab926a3bccebf47bb727bda41ae070dc91d1fb759b726",
                "sha256:f95d28193c3863132b1f55c1056036bf580b5a488d908f7d22a04ace8935a3a9",
                "sha256:fadd2a63a2bfd7fb604508e553d1cf68eca250b2fbdbd81213b5f6f2fbf23529"
            ],
            "index": "pypi",
            "version": "==4.5.1"
        },
        "markdown2": {
            "hashes": [
                "sha256:7ff88e00b396c02c8e1ecd8d176cfa418fb01fe81234dcea77803e7ce4f05dbe",
                "sha256:882d3607fc023cdea0ac2cd0e1147617fcb0361cb1133d3ff095417f995ff270"
            ],
            "index": "pypi",
            "version": "==2.3.8"
        },
        "mccabe": {
            "hashes": [
                "sha256:ab8a6258860da4b6677da4bd2fe5dc2c659cff31b3ee4f7f5d64e79735b80d42",
                "sha256:dd8d182285a0fe56bace7f45b5e7d1a6ebcbf524e8f3bd87eb0f125271b8831f"
            ],
            "index": "pypi",
            "version": "==0.6.1"
        },
        "mock": {
            "hashes": [
                "sha256:5ce3c71c5545b472da17b72268978914d0252980348636840bd34a00b5cc96c1",
                "sha256:b158b6df76edd239b8208d481dc46b6afd45a846b7812ff0ce58971cf5bc8bba"
            ],
            "index": "pypi",
            "version": "==2.0.0"
        },
        "nose": {
            "hashes": [
                "sha256:9ff7c6cc443f8c51994b34a667bbcf45afd6d945be7477b52e97516fd17c53ac",
                "sha256:dadcddc0aefbf99eea214e0f1232b94f2fa9bd98fa8353711dacb112bfcbbb2a",
                "sha256:f1bffef9cbc82628f6e7d7b40d7e255aefaa1adb6a1b1d26c69a8b79e6208a98"
            ],
            "version": "==1.3.7"
        },
        "oauthlib": {
            "hashes": [
                "sha256:b3b9b47f2a263fe249b5b48c4e25a5bce882ff20a0ac34d553ce43cff55b53ac"
            ],
            "index": "pypi",
            "version": "==2.0.2"
        },
        "pathspec": {
            "hashes": [
                "sha256:7d91249d21749788d07a2d0f94147accd8f845507400749ea19c1ec9054a12b0",
                "sha256:da45173eb3a6f2a5a487efba21f050af2b41948be6ab52b6a1e3ff22bb8b7061"
            ],
            "version": "==0.8.0"
        },
        "pbr": {
            "hashes": [
                "sha256:568f988af109114fbfa0525dcb6836b069838360d11732736ecc82e4c15d5c12",
                "sha256:86f0e548dfbdc1ad12559725a66b5e1ca0b2e0744940da1ec89991fd11a2b32b"
            ],
            "index": "pypi",
            "version": "==3.0.0"
        },
        "piexif": {
            "hashes": [
                "sha256:312e01e2113d0885088cf43704d8c7337fdb0144789a59b05ebaf7b24e6ebb95",
                "sha256:6273a75763714401bc2d9df6a6415b74a317d30b60245e11b8da60a7396e3228"
            ],
            "index": "pypi",
            "version": "==1.0.12"
        },
        "pillow": {
            "hashes": [
                "sha256:0011ec16bcab9f2f07afa95081ee025b3f0fe428611a000df0fbcb51dd873ca0",
                "sha256:0e5aedc62a78525fcfbec417d8db0073dff5de9d8544047f619d208e2cd3d323",
                "sha256:196d9ff5d0b070b50cd3a3c59ffa3b41232ca34dbd09e262bfa32047229d4b16",
                "sha256:1e1ed97d93676ba6e19124f8054ed439825292cecb490370729f90a27585f180",
                "sha256:2f44dc402c643a88b9453c6fce84e20b16352df42a98ab013aaebe07e1a1c478",
                "sha256:32facad1f01111505c0fa3f15b2acac13af231f6dc0e68927c8d2d23df8c25c5",
                "sha256:3d4e8b208346374e820bc5f88e753a4a2d35b6ead0aa1f45dcc7b9206780b983",
                "sha256:65422a17c9d08bf56d8eb0ce5c83863e050cec5f15e8b2042c955aa724ce515d",
                "sha256:75513b87a441c093a26a75974cd8373d8d40476cdb178309e8c2f2a534033ea3",
                "sha256:7ccf6e86bd9f7301b883c6ba180309ca6bd566b0324eb66566b0b841c974558e",
                "sha256:7dacf81a6b6b724a263c27a364030f81eef97398acda67d1ac50e722ad3cec59",
                "sha256:81655ad8b10acf81a644ad88faa9cd19ab2930f1b83ff6d32217f00de602b6e5",
                "sha256:83ab411759b9e1f6a695bea321e835bed448f767711da2630d597dabc69d0350",
                "sha256:87562ac8e35b873eabed6b02259dcec05d7c776fa6c478865fcb147f17ec7530",
                "sha256:c85cce00769e162cf50fc21451be9e627f60a9be22172d684c05dc7d0141c55b",
                "sha256:d071c33320c6f66730d1adea0bfd468ab5453627ff8974a6e56f43a48c60bce5",
                "sha256:dd4c3cfa93626ed08005abf3aa52b50dae28bf0bc4cb5a4626e9ce6878e7f700",
                "sha256:e0fbed3f29291c0e4b83c7f21809a709f5a46eefdad236ec2a11096ebb76c6ae",
                "sha256:ecabe2323e4ed3ce24eaea2120aca395723dd301e9fb03d7e0912a61343fc7f3",
                "sha256:f8e26f68b5f7b15ad9d1cc2c28ea57fe8c2f9dfee77f4e0519e833fdbe2feb8d",
                "sha256:fb13e40bd17615a03192f03cab35df0fbfb61ab58ef08ece42884a6bd314faf4",
                "sha256:fb1f9faa2984918cd7a3b18db1192463e0030500cb060c974b5fd98c13276a8e"
            ],
            "index": "pypi",
            "version": "==7.1.0"
        },
        "placebo": {
            "hashes": [
                "sha256:8aa848b892924786fa5e37e75524e8ec039b7d54860d35c51ffb4ed3e30590c5"
            ],
            "index": "pypi",
            "version": "==0.8.1"
        },
        "psycopg2": {
            "hashes": [
                "sha256:132efc7ee46a763e68a815f4d26223d9c679953cd190f1f218187cb60decf535",
                "sha256:2327bf42c1744a434ed8ed0bbaa9168cac7ee5a22a9001f6fc85c33b8a4a14b7",
                "sha256:27c633f2d5db0fc27b51f1b08f410715b59fa3802987aec91aeb8f562724e95c",
                "sha256:2c0afb40cfb4d53487ee2ebe128649028c9a78d2476d14a67781e45dc287f080",
                "sha256:2df2bf1b87305bd95eb3ac666ee1f00a9c83d10927b8144e8e39644218f4cf81",
                "sha256:440a3ea2c955e89321a138eb7582aa1d22fe286c7d65e26a2c5411af0a88ae72",
                "sha256:6a471d4d2a6f14c97a882e8d3124869bc623f3df6177eefe02994ea41fd45b52",
                "sha256:6b306dae53ec7f4f67a10942cf8ac85de930ea90e9903e2df4001f69b7833f7e",
                "sha256:a0984ff49e176062fcdc8a5a2a670c9bb1704a2f69548bce8f8a7bad41c661bf",
                "sha256:ac5b23d0199c012ad91ed1bbb971b7666da651c6371529b1be8cbe2a7bf3c3a9",
                "sha256:acf56d564e443e3dea152efe972b1434058244298a94348fc518d6dd6a9fb0bb",
                "sha256:d3b29d717d39d3580efd760a9a46a7418408acebbb784717c90d708c9ed5f055",
                "sha256:f7d46240f7a1ae1dd95aab38bd74f7428d46531f69219954266d669da60c0818"
            ],
            "index": "pypi",
            "version": "==2.8.5"
        },
        "pycodestyle": {
            "hashes": [
                "sha256:2295e7b2f6b5bd100585ebcb1f616591b652db8a741695b3d8f5d28bdc934367",
                "sha256:c58a7d2815e0e8d7972bf1803331fb0152f867bd89adf8a01dfd55085434192e"
            ],
            "version": "==2.6.0"
        },
        "pyflakes": {
            "hashes": [
                "sha256:0d94e0e05a19e57a99444b6ddcf9a6eb2e5c68d3ca1e98e90707af8152c90a92",
                "sha256:35b2d75ee967ea93b55750aa9edbbf72813e06a66ba54438df2cfac9e3c27fc8"
            ],
            "version": "==2.2.0"
        },
        "pyparsing": {
            "hashes": [
                "sha256:0832bcf47acd283788593e7a0f542407bd9550a55a8a8435214a1960e04bcb04",
                "sha256:fee43f17a9c4087e7ed1605bd6df994c6173c1e977d7ade7b651292fab2bd010"
            ],
            "index": "pypi",
            "version": "==2.2.0"
        },
        "python-dateutil": {
            "hashes": [
                "sha256:3acbef017340600e9ff8f2994d8f7afd6eacb295383f286466a6df3961e486f0",
                "sha256:537bf2a8f8ce6f6862ad705cd68f9e405c0b5db014aa40fa29eab4335d4b1716",
                "sha256:62a2f8df3d66f878373fd0072eacf4ee52194ba302e00082828e0d263b0418d2"
            ],
            "index": "pypi",
            "version": "==2.6.0"
        },
        "python-levenshtein": {
            "hashes": [
                "sha256:033a11de5e3d19ea25c9302d11224e1a1898fe5abd23c61c7c360c25195e3eb1"
            ],
            "index": "pypi",
            "version": "==0.12.0"
        },
        "python-memcached": {
            "hashes": [
                "sha256:3b689a135afb2fdb6da2298d5213780f43a3f210cf8c960d50b252acb3f62902",
                "sha256:544419fd5e33300835de3b2f8462a145dda451d5e3088a69e0cd0da2b5bc0f7a"
            ],
            "index": "pypi",
            "version": "==1.57"
        },
        "python-mimeparse": {
            "hashes": [
                "sha256:3c69a21e37e77f754e6fc09ebda70acd92c90d8a58f29a41cc0248351378ddc3"
            ],
            "index": "pypi",
            "version": "==0.1.4"
        },
        "python-openid": {
            "hashes": [
                "sha256:92c51c3ecec846cbec4aeff11f9ff47303d4a63f93b0e6ac0ec02a091fed70ef",
                "sha256:c2d133e47e0a7705c9272eef00d7a09c174f5bf17a127fed8e2c6499556cc782"
            ],
            "index": "pypi",
            "version": "==2.2.5"
        },
        "python-slugify": {
            "hashes": [
                "sha256:57a385df7a1c6dbd15f7666eaff0ff29d3f60363b228b1197c5308ed3ba5f824",
                "sha256:c3733135d3b184196fdb8844f6a74bbfb9cf6720d1dcce3254bdc434353f938f"
            ],
            "index": "pypi",
            "version": "==1.2.4"
        },
        "python-subunit": {
            "hashes": [
                "sha256:eb7e4172a0164da8ca978d8cb46b70977fa9f064f8a5bc296eb3f6c1cb3298a7"
            ],
            "index": "pypi",
            "version": "==1.0.0"
        },
        "python3-openid": {
            "hashes": [
                "sha256:33fbf6928f401e0b790151ed2b5290b02545e8775f982485205a066f874aaeaf",
                "sha256:6626f771e0417486701e0b4daff762e7212e820ca5b29fcc0d05f6f8736dfa6b"
            ],
            "version": "==3.2.0"
        },
        "pytz": {
            "hashes": [
                "sha256:3e6b7dd2d1e0a59084bcee14a17af60c5c562cdc16d828e8eba2e683d3a7e268",
                "sha256:5c55e189b682d420be27c6995ba6edce0c0a77dd67bfbe2ae6607134d5851ffd"
            ],
            "version": "==2020.4"
        },
        "pyyaml": {
            "hashes": [
                "sha256:06a0d7ba600ce0b2d2fe2e78453a470b5a6e000a985dd4a4e54e436cc36b0e97",
                "sha256:240097ff019d7c70a4922b6869d8a86407758333f02203e0fc6ff79c5dcede76",
                "sha256:4f4b913ca1a7319b33cfb1369e91e50354d6f07a135f3b901aca02aa95940bd2",
                "sha256:69f00dca373f240f842b2931fb2c7e14ddbacd1397d57157a9b005a6a9942648",
                "sha256:73f099454b799e05e5ab51423c7bcf361c58d3206fa7b0d555426b1f4d9a3eaf",
                "sha256:74809a57b329d6cc0fdccee6318f44b9b8649961fa73144a98735b0aaf029f1f",
                "sha256:7739fc0fa8205b3ee8808aea45e968bc90082c10aef6ea95e855e10abf4a37b2",
                "sha256:95f71d2af0ff4227885f7a6605c37fd53d3a106fcab511b8860ecca9fcf400ee",
                "sha256:b8eac752c5e14d3eca0e6dd9199cd627518cb5ec06add0de9d32baeee6fe645d",
                "sha256:cc8955cfbfc7a115fa81d85284ee61147059a753344bc51098f3ccd69b0d7e0c",
                "sha256:d13155f591e6fcc1ec3b30685d50bf0711574e2c0dfffd7644babf8b5102ca1a"
            ],
            "index": "pypi",
            "version": "==5.3.1"
        },
        "raven": {
            "hashes": [
                "sha256:02cabffb173b99d860a95d4908e8b1864aad1b8452146e13fd7e212aa576a884",
                "sha256:56dc9062dd42bca97350e5048ff417c914376366caa3b1b5f788b27ddc0a34b7"
            ],
            "index": "pypi",
            "version": "==6.1.0"
        },
        "regex": {
            "hashes": [
                "sha256:03855ee22980c3e4863dc84c42d6d2901133362db5daf4c36b710dd895d78f0a",
                "sha256:06b52815d4ad38d6524666e0d50fe9173533c9cc145a5779b89733284e6f688f",
                "sha256:11116d424734fe356d8777f89d625f0df783251ada95d6261b4c36ad27a394bb",
                "sha256:119e0355dbdd4cf593b17f2fc5dbd4aec2b8899d0057e4957ba92f941f704bf5",
                "sha256:127a9e0c0d91af572fbb9e56d00a504dbd4c65e574ddda3d45b55722462210de",
                "sha256:1ec66700a10e3c75f1f92cbde36cca0d3aaee4c73dfa26699495a3a30b09093c",
                "sha256:227a8d2e5282c2b8346e7f68aa759e0331a0b4a890b55a5cfbb28bd0261b84c0",
                "sha256:2564def9ce0710d510b1fc7e5178ce2d20f75571f788b5197b3c8134c366f50c",
                "sha256:297116e79074ec2a2f885d22db00ce6e88b15f75162c5e8b38f66ea734e73c64",
                "sha256:2dc522e25e57e88b4980d2bdd334825dbf6fa55f28a922fc3bfa60cc09e5ef53",
                "sha256:3a5f08039eee9ea195a89e180c5762bfb55258bfb9abb61a20d3abee3b37fd12",
                "sha256:3dfca201fa6b326239e1bccb00b915e058707028809b8ecc0cf6819ad233a740",
                "sha256:49461446b783945597c4076aea3f49aee4b4ce922bd241e4fcf62a3e7c61794c",
                "sha256:4afa350f162551cf402bfa3cd8302165c8e03e689c897d185f16a167328cc6dd",
                "sha256:4b5a9bcb56cc146c3932c648603b24514447eafa6ce9295234767bf92f69b504",
                "sha256:52e83a5f28acd621ba8e71c2b816f6541af7144b69cc5859d17da76c436a5427",
                "sha256:625116aca6c4b57c56ea3d70369cacc4d62fead4930f8329d242e4fe7a58ce4b",
                "sha256:654c1635f2313d0843028487db2191530bca45af61ca85d0b16555c399625b0e",
                "sha256:8092a5a06ad9a7a247f2a76ace121183dc4e1a84c259cf9c2ce3bbb69fac3582",
                "sha256:832339223b9ce56b7b15168e691ae654d345ac1635eeb367ade9ecfe0e66bee0",
                "sha256:8ca9dca965bd86ea3631b975d63b0693566d3cc347e55786d5514988b6f5b84c",
                "sha256:96f99219dddb33e235a37283306834700b63170d7bb2a1ee17e41c6d589c8eb9",
                "sha256:a62162be05edf64f819925ea88d09d18b09bebf20971b363ce0c24e8b4aa14c0",
                "sha256:aacc8623ffe7999a97935eeabbd24b1ae701d08ea8f874a6ff050e93c3e658cf",
                "sha256:b45bab9f224de276b7bc916f6306b86283f6aa8afe7ed4133423efb42015a898",
                "sha256:b88fa3b8a3469f22b4f13d045d9bd3eda797aa4e406fde0a2644bc92bbdd4bdd",
                "sha256:b8a686a6c98872007aa41fdbb2e86dc03b287d951ff4a7f1da77fb7f14113e4d",
                "sha256:bf4f896c42c63d1f22039ad57de2644c72587756c0cfb3cc3b7530cfe228277f",
                "sha256:c13d311a4c4a8d671f5860317eb5f09591fbe8259676b86a85769423b544451e",
                "sha256:c2c6c56ee97485a127555c9595c069201b5161de9d05495fbe2132b5ac104786",
                "sha256:c32c91a0f1ac779cbd73e62430de3d3502bbc45ffe5bb6c376015acfa848144b",
                "sha256:c3466a84fce42c2016113101018a9981804097bacbab029c2d5b4fcb224b89de",
                "sha256:c8a2b7ccff330ae4c460aff36626f911f918555660cc28163417cb84ffb25789",
                "sha256:cb905f3d2e290a8b8f1579d3984f2cfa7c3a29cc7cba608540ceeed18513f520",
                "sha256:cfcf28ed4ce9ced47b9b9670a4f0d3d3c0e4d4779ad4dadb1ad468b097f808aa",
                "sha256:dd3e6547ecf842a29cf25123fbf8d2461c53c8d37aa20d87ecee130c89b7079b",
                "sha256:ea37320877d56a7f0a1e6a625d892cf963aa7f570013499f5b8d5ab8402b5625",
                "sha256:f1fce1e4929157b2afeb4bb7069204d4370bab9f4fc03ca1fbec8bd601f8c87d",
                "sha256:f43109822df2d3faac7aad79613f5f02e4eab0fc8ad7932d2e70e2a83bd49c26"
            ],
            "version": "==2020.10.28"
        },
        "repoze.lru": {
            "hashes": [
                "sha256:0429a75e19380e4ed50c0694e26ac8819b4ea7851ee1fc7583c8572db80aff77",
                "sha256:f77bf0e1096ea445beadd35f3479c5cff2aa1efe604a133e67150bc8630a62ea"
            ],
            "version": "==0.7"
        },
        "requests": {
            "hashes": [
                "sha256:b3559a131db72c33ee969480840fff4bb6dd111de7dd27c8ee1f820f4f00231b",
                "sha256:fe75cc94a9443b9246fc7049224f75604b113c36acb93f87b80ed42c44cbb898"
            ],
            "version": "==2.24.0"
        },
        "requests-oauthlib": {
            "hashes": [
                "sha256:50a8ae2ce8273e384895972b56193c7409601a66d4975774c60c2aed869639ca",
                "sha256:883ac416757eada6d3d07054ec7092ac21c7f35cb1d2cf82faf205637081f468"
            ],
            "index": "pypi",
            "version": "==0.8.0"
        },
        "responses": {
            "hashes": [
                "sha256:7bb697a5fedeb41d81e8b87f152d453d5cab42dcd1691b6a7d6097e94d33f373",
                "sha256:af94d28cdfb48ded0ad82a5216616631543650f440334a693479b8991a6594a2"
            ],
            "index": "pypi",
            "version": "==0.10.15"
        },
        "s3transfer": {
            "hashes": [
                "sha256:2482b4259524933a022d59da830f51bd746db62f047d6eb213f2f8855dcb8a13",
                "sha256:921a37e2aefc64145e7b73d50c71bb4f26f46e4c9f414dc648c6245ff92cf7db"
            ],
            "version": "==0.3.3"
        },
        "six": {
            "hashes": [
                "sha256:30639c035cdb23534cd4aa2dd52c3bf48f06e5f4a941509c8bafd8ce11080259",
                "sha256:8b74bedcbbbaca38ff6d7491d76f2b06b3592611af620f8426e82dddb04a5ced"
            ],
            "index": "pypi",
            "version": "==1.15.0"
        },
        "sorl-thumbnail": {
            "hashes": [
                "sha256:84b9da6c0f12914addc4b6ddb5478160b1a750ae3ee4a8c0f1c487ee51b09748",
                "sha256:cfa75ecafac90e18e48b8413e980cd50daa726cbda0d4b77eb47912cbeac884d"
            ],
            "index": "pypi",
            "version": "==12.4a1"
        },
        "sqlparse": {
            "hashes": [
                "sha256:017cde379adbd6a1f15a61873f43e8274179378e95ef3fede90b5aa64d304ed0",
                "sha256:0f91fd2e829c44362cbcfab3e9ae12e22badaa8a29ad5ff599f9ec109f0454e8"
            ],
            "version": "==0.4.1"
        },
        "sure": {
            "hashes": [
                "sha256:1edb701ecf1727c5b115e2c73b2c1a9614422d01c1703f09b9ce640cc19e3595"
            ],
            "index": "pypi",
            "version": "==1.2.9"
        },
        "testtools": {
            "hashes": [
                "sha256:5827ec6cf8233e0f29f51025addd713ca010061204fdea77484a2934690a0559",
                "sha256:a2be448869171b6e0f26d9544088b8b98439ec180ce272040236d570a40bcbed"
            ],
            "index": "pypi",
            "version": "==2.3.0"
        },
        "text-unidecode": {
            "hashes": [
                "sha256:1311f10e8b895935241623731c2ba64f4c455287888b18189350b67134a822e8",
                "sha256:bad6603bb14d279193107714b288be206cac565dfa49aa5b105294dd5c4aab93"
            ],
            "version": "==1.3"
        },
        "toml": {
            "hashes": [
                "sha256:806143ae5bfb6a3c6e736a764057db0e6a0e05e338b5630894a5f779cabb4f9b",
                "sha256:b3bda1d108d5dd99f4a20d24d9c348e91c4db7ab1b749200bded2f839ccbe68f"
            ],
            "version": "==0.10.2"
        },
        "tqdm": {
            "hashes": [
                "sha256:14baa7a9ea7723d46f60de5f8c6f20e840baa7e3e193bf0d9ec5fe9103a15254",
                "sha256:1621b3476c2224045d8bd57209aab006612a46ae2cc518b4a92ad988983e4c3d"
            ],
            "index": "pypi",
            "version": "==4.11.2"
        },
        "traceback2": {
            "hashes": [
                "sha256:05acc67a09980c2ecfedd3423f7ae0104839eccb55fc645773e1caa0951c3030",
                "sha256:8253cebec4b19094d67cc5ed5af99bf1dba1285292226e98a31929f87a5d6b23"
            ],
            "index": "pypi",
            "version": "==1.4.0"
        },
        "typed-ast": {
            "hashes": [
                "sha256:0666aa36131496aed8f7be0410ff974562ab7eeac11ef351def9ea6fa28f6355",
                "sha256:0c2c07682d61a629b68433afb159376e24e5b2fd4641d35424e462169c0a7919",
                "sha256:0d8110d78a5736e16e26213114a38ca35cb15b6515d535413b090bd50951556d",
                "sha256:249862707802d40f7f29f6e1aad8d84b5aa9e44552d2cc17384b209f091276aa",
                "sha256:24995c843eb0ad11a4527b026b4dde3da70e1f2d8806c99b7b4a7cf491612652",
                "sha256:269151951236b0f9a6f04015a9004084a5ab0d5f19b57de779f908621e7d8b75",
                "sha256:3742b32cf1c6ef124d57f95be609c473d7ec4c14d0090e5a5e05a15269fb4d0c",
                "sha256:4083861b0aa07990b619bd7ddc365eb7fa4b817e99cf5f8d9cf21a42780f6e01",
                "sha256:498b0f36cc7054c1fead3d7fc59d2150f4d5c6c56ba7fb150c013fbc683a8d2d",
                "sha256:4e3e5da80ccbebfff202a67bf900d081906c358ccc3d5e3c8aea42fdfdfd51c1",
                "sha256:6daac9731f172c2a22ade6ed0c00197ee7cc1221aa84cfdf9c31defeb059a907",
                "sha256:715ff2f2df46121071622063fc7543d9b1fd19ebfc4f5c8895af64a77a8c852c",
                "sha256:73d785a950fc82dd2a25897d525d003f6378d1cb23ab305578394694202a58c3",
                "sha256:7e4c9d7658aaa1fc80018593abdf8598bf91325af6af5cce4ce7c73bc45ea53d",
                "sha256:8c8aaad94455178e3187ab22c8b01a3837f8ee50e09cf31f1ba129eb293ec30b",
                "sha256:8ce678dbaf790dbdb3eba24056d5364fb45944f33553dd5869b7580cdbb83614",
                "sha256:92c325624e304ebf0e025d1224b77dd4e6393f18aab8d829b5b7e04afe9b7a2c",
                "sha256:aaee9905aee35ba5905cfb3c62f3e83b3bec7b39413f0a7f19be4e547ea01ebb",
                "sha256:b52ccf7cfe4ce2a1064b18594381bccf4179c2ecf7f513134ec2f993dd4ab395",
                "sha256:bcd3b13b56ea479b3650b82cabd6b5343a625b0ced5429e4ccad28a8973f301b",
                "sha256:c9e348e02e4d2b4a8b2eedb48210430658df6951fa484e59de33ff773fbd4b41",
                "sha256:d205b1b46085271b4e15f670058ce182bd1199e56b317bf2ec004b6a44f911f6",
                "sha256:d43943ef777f9a1c42bf4e552ba23ac77a6351de620aa9acf64ad54933ad4d34",
                "sha256:d5d33e9e7af3b34a40dc05f498939f0ebf187f07c385fd58d591c533ad8562fe",
                "sha256:d648b8e3bf2fe648745c8ffcee3db3ff903d0817a01a12dd6a6ea7a8f4889072",
                "sha256:f208eb7aff048f6bea9586e61af041ddf7f9ade7caed625742af423f6bae3298",
                "sha256:fac11badff8313e23717f3dada86a15389d0708275bddf766cca67a84ead3e91",
                "sha256:fc0fea399acb12edbf8a628ba8d2312f583bdbdb3335635db062fa98cf71fca4",
                "sha256:fcf135e17cc74dbfbc05894ebca928ffeb23d9790b3167a674921db19082401f",
                "sha256:fe460b922ec15dd205595c9b5b99e2f056fd98ae8f9f56b888e7a17dc2b757e7"
            ],
            "version": "==1.4.1"
        },
        "unidecode": {
            "hashes": [
                "sha256:ed4418b4b1b190487753f1cca6299e8076079258647284414e6d607d1f8a00e0",
                "sha256:eedac7bfd886f43484787206f6a141b232e2b2a58652c54d06499b187fd84660"
            ],
            "index": "pypi",
            "version": "==0.4.20"
        },
        "unittest2": {
            "hashes": [
                "sha256:13f77d0875db6d9b435e1d4f41e74ad4cc2eb6e1d5c824996092b3430f088bb8",
                "sha256:22882a0e418c284e1f718a822b3b022944d53d2d908e1690b319a9d3eb2c0579"
            ],
            "index": "pypi",
            "version": "==1.1.0"
        },
        "urllib3": {
            "hashes": [
                "sha256:8d7eaa5a82a1cac232164990f04874c594c9453ec55eef02eab885aa02fc17a2",
                "sha256:f5321fbe4bf3fefa0efd0bfe7fb14e90909eb62a48ccda331726b4319897dd5e"
            ],
            "markers": "python_version != '3.4'",
            "version": "==1.25.11"
        },
        "werkzeug": {
            "hashes": [
                "sha256:2de2a5db0baeae7b2d2664949077c2ac63fbd16d98da0ff71837f7d1dea3fd43",
                "sha256:6c80b1e5ad3665290ea39320b91e1be1e0d5f60652b964a3070216de83d2e47c"
            ],
            "index": "pypi",
            "version": "==1.0.1"
        },
        "wsgi-request-logger": {
            "hashes": [
                "sha256:445d7ec52799562f812006394d0b4a7064b37084c6ea6bd74ea7a2136c97ed83"
            ],
            "index": "pypi",
            "version": "==0.4.6"
        }
    },
    "develop": {}
}
